
Microsoft Visual Studio Solution File, Format Version 12.00
# Visual Studio Version 17
VisualStudioVersion = 17.2.32630.192
MinimumVisualStudioVersion = 10.0.40219.1
Project("{FAE04EC0-301F-11D3-BF4B-00C04F79EFBC}") = "e-verse.Navisworks.SelectByRevitId.2018", "e-verse.Navisworks.SelectByRevitId.2018\e-verse.Navisworks.SelectByRevitId.2018.csproj", "{60FD800D-A7BB-4494-9064-1478FCA6B26D}"
EndProject
Project("{FAE04EC0-301F-11D3-BF4B-00C04F79EFBC}") = "e-verse.Navisworks.SelectByRevitId.2019", "e-verse.Navisworks.SelectByRevitId.2019\e-verse.Navisworks.SelectByRevitId.2019.csproj", "{E88E72A8-CC63-401E-AE12-63FA14621E7E}"
EndProject
Project("{FAE04EC0-301F-11D3-BF4B-00C04F79EFBC}") = "e-verse.Navisworks.SelectByRevitId.2020", "e-verse.Navisworks.SelectByRevitId.2020\e-verse.Navisworks.SelectByRevitId.2020.csproj", "{F8DB5022-D40F-496F-814A-C843BDB56206}"
EndProject
Project("{FAE04EC0-301F-11D3-BF4B-00C04F79EFBC}") = "e-verse.Navisworks.SelectByRevitId.2021", "e-verse.Navisworks.SelectByRevitId.2021\e-verse.Navisworks.SelectByRevitId.2021.csproj", "{9A8A805C-8E9B-49C3-8B24-2235E7036BF9}"
EndProject
Project("{FAE04EC0-301F-11D3-BF4B-00C04F79EFBC}") = "e-verse.Navisworks.SelectByRevitId.2022", "e-verse.Navisworks.SelectByRevitId.2022\e-verse.Navisworks.SelectByRevitId.2022.csproj", "{9D70D94E-C119-4BC0-8250-ACBAAD186282}"
EndProject
Project("{FAE04EC0-301F-11D3-BF4B-00C04F79EFBC}") = "e-verse.Navisworks.SelectByRevitId.2023", "e-verse.Navisworks.SelectByRevitId.2023\e-verse.Navisworks.SelectByRevitId.2023.csproj", "{213BC98C-F558-4CC7-89DF-EFE6B8B14C66}"
EndProject
Project("{D954291E-2A0B-460D-934E-DC6B0785DB48}") = "e-verse.Navisworks.SelectByRevitId.Common", "e-verse.Navisworks.SelectByRevitId.Common\e-verse.Navisworks.SelectByRevitId.Common.shproj", "{FE40B4F6-4656-42AF-BCF2-B168567610CD}"
EndProject
Project("{FAE04EC0-301F-11D3-BF4B-00C04F79EFBC}") = "e-verse.Navisworks.SelectByRevitId.Installer", "e-verse.Navisworks.SelectByRevitId.Installer\e-verse.Navisworks.SelectByRevitId.Installer.csproj", "{591B5590-E83F-4D48-861D-FBD534F4CA53}"
	ProjectSection(ProjectDependencies) = postProject
		{213BC98C-F558-4CC7-89DF-EFE6B8B14C66} = {213BC98C-F558-4CC7-89DF-EFE6B8B14C66}
		{9D01EAE5-4574-4D7A-A99A-EB8B2C21ABFD} = {9D01EAE5-4574-4D7A-A99A-EB8B2C21ABFD}
		{BB4ECDE2-035A-4CE5-BE79-7DD9BD942A68} = {BB4ECDE2-035A-4CE5-BE79-7DD9BD942A68}
		{D54934FE-E292-4BF9-871C-BDB2DF04CB86} = {D54934FE-E292-4BF9-871C-BDB2DF04CB86}
	EndProjectSection
EndProject
Project("{D954291E-2A0B-460D-934E-DC6B0785DB48}") = "e-verse.Navisworks.SelectByRevitId.Plugin", "e-verse.Navisworks.SelectByRevitId.Plugin\e-verse.Navisworks.SelectByRevitId.Plugin.shproj", "{90624231-A5F0-47FD-B4D4-D1A9381A4039}"
EndProject
Project("{FAE04EC0-301F-11D3-BF4B-00C04F79EFBC}") = "e-verse.Navisworks.SelectByRevitId.2024", "e-verse.Navisworks.SelectByRevitId.2024\e-verse.Navisworks.SelectByRevitId.2024.csproj", "{9D01EAE5-4574-4D7A-A99A-EB8B2C21ABFD}"
EndProject
Project("{FAE04EC0-301F-11D3-BF4B-00C04F79EFBC}") = "e-verse.Navisworks.SelectByRevitId.2025", "e-verse.Navisworks.SelectByRevitId.2025\e-verse.Navisworks.SelectByRevitId.2025.csproj", "{BB4ECDE2-035A-4CE5-BE79-7DD9BD942A68}"
EndProject
Project("{FAE04EC0-301F-11D3-BF4B-00C04F79EFBC}") = "e-verse.Navisworks.SelectByRevitId.2026", "e-verse.Navisworks.SelectByRevitId.2026\e-verse.Navisworks.SelectByRevitId.2026.csproj", "{D54934FE-E292-4BF9-871C-BDB2DF04CB86}"
EndProject
Global
	GlobalSection(SolutionConfigurationPlatforms) = preSolution
		Debug|Any CPU = Debug|Any CPU
		Release|Any CPU = Release|Any CPU
	EndGlobalSection
	GlobalSection(ProjectConfigurationPlatforms) = postSolution
		{60FD800D-A7BB-4494-9064-1478FCA6B26D}.Debug|Any CPU.ActiveCfg = Debug|Any CPU
		{60FD800D-A7BB-4494-9064-1478FCA6B26D}.Debug|Any CPU.Build.0 = Debug|Any CPU
		{60FD800D-A7BB-4494-9064-1478FCA6B26D}.Release|Any CPU.ActiveCfg = Release|Any CPU
		{60FD800D-A7BB-4494-9064-1478FCA6B26D}.Release|Any CPU.Build.0 = Release|Any CPU
		{E88E72A8-CC63-401E-AE12-63FA14621E7E}.Debug|Any CPU.ActiveCfg = Debug|Any CPU
		{E88E72A8-CC63-401E-AE12-63FA14621E7E}.Debug|Any CPU.Build.0 = Debug|Any CPU
		{E88E72A8-CC63-401E-AE12-63FA14621E7E}.Release|Any CPU.ActiveCfg = Release|Any CPU
		{E88E72A8-CC63-401E-AE12-63FA14621E7E}.Release|Any CPU.Build.0 = Release|Any CPU
		{F8DB5022-D40F-496F-814A-C843BDB56206}.Debug|Any CPU.ActiveCfg = Debug|Any CPU
		{F8DB5022-D40F-496F-814A-C843BDB56206}.Debug|Any CPU.Build.0 = Debug|Any CPU
		{F8DB5022-D40F-496F-814A-C843BDB56206}.Release|Any CPU.ActiveCfg = Release|Any CPU
		{F8DB5022-D40F-496F-814A-C843BDB56206}.Release|Any CPU.Build.0 = Release|Any CPU
		{9A8A805C-8E9B-49C3-8B24-2235E7036BF9}.Debug|Any CPU.ActiveCfg = Debug|Any CPU
		{9A8A805C-8E9B-49C3-8B24-2235E7036BF9}.Debug|Any CPU.Build.0 = Debug|Any CPU
		{9A8A805C-8E9B-49C3-8B24-2235E7036BF9}.Release|Any CPU.ActiveCfg = Release|Any CPU
		{9A8A805C-8E9B-49C3-8B24-2235E7036BF9}.Release|Any CPU.Build.0 = Release|Any CPU
		{9D70D94E-C119-4BC0-8250-ACBAAD186282}.Debug|Any CPU.ActiveCfg = Debug|Any CPU
		{9D70D94E-C119-4BC0-8250-ACBAAD186282}.Debug|Any CPU.Build.0 = Debug|Any CPU
		{9D70D94E-C119-4BC0-8250-ACBAAD186282}.Release|Any CPU.ActiveCfg = Release|Any CPU
		{9D70D94E-C119-4BC0-8250-ACBAAD186282}.Release|Any CPU.Build.0 = Release|Any CPU
		{213BC98C-F558-4CC7-89DF-EFE6B8B14C66}.Debug|Any CPU.ActiveCfg = Debug|Any CPU
		{213BC98C-F558-4CC7-89DF-EFE6B8B14C66}.Debug|Any CPU.Build.0 = Debug|Any CPU
		{213BC98C-F558-4CC7-89DF-EFE6B8B14C66}.Release|Any CPU.ActiveCfg = Release|Any CPU
		{213BC98C-F558-4CC7-89DF-EFE6B8B14C66}.Release|Any CPU.Build.0 = Release|Any CPU
		{591B5590-E83F-4D48-861D-FBD534F4CA53}.Debug|Any CPU.ActiveCfg = Debug|Any CPU
		{591B5590-E83F-4D48-861D-FBD534F4CA53}.Debug|Any CPU.Build.0 = Debug|Any CPU
		{591B5590-E83F-4D48-861D-FBD534F4CA53}.Release|Any CPU.ActiveCfg = Release|Any CPU
		{591B5590-E83F-4D48-861D-FBD534F4CA53}.Release|Any CPU.Build.0 = Release|Any CPU
		{9D01EAE5-4574-4D7A-A99A-EB8B2C21ABFD}.Debug|Any CPU.ActiveCfg = Debug|Any CPU
		{9D01EAE5-4574-4D7A-A99A-EB8B2C21ABFD}.Debug|Any CPU.Build.0 = Debug|Any CPU
		{9D01EAE5-4574-4D7A-A99A-EB8B2C21ABFD}.Release|Any CPU.ActiveCfg = Release|Any CPU
		{9D01EAE5-4574-4D7A-A99A-EB8B2C21ABFD}.Release|Any CPU.Build.0 = Release|Any CPU
		{BB4ECDE2-035A-4CE5-BE79-7DD9BD942A68}.Debug|Any CPU.ActiveCfg = Debug|Any CPU
		{BB4ECDE2-035A-4CE5-BE79-7DD9BD942A68}.Debug|Any CPU.Build.0 = Debug|Any CPU
		{BB4ECDE2-035A-4CE5-BE79-7DD9BD942A68}.Release|Any CPU.ActiveCfg = Release|Any CPU
		{BB4ECDE2-035A-4CE5-BE79-7DD9BD942A68}.Release|Any CPU.Build.0 = Release|Any CPU
		{D54934FE-E292-4BF9-871C-BDB2DF04CB86}.Debug|Any CPU.ActiveCfg = Debug|Any CPU
		{D54934FE-E292-4BF9-871C-BDB2DF04CB86}.Debug|Any CPU.Build.0 = Debug|Any CPU
		{D54934FE-E292-4BF9-871C-BDB2DF04CB86}.Release|Any CPU.ActiveCfg = Release|Any CPU
		{D54934FE-E292-4BF9-871C-BDB2DF04CB86}.Release|Any CPU.Build.0 = Release|Any CPU
	EndGlobalSection
	GlobalSection(SolutionProperties) = preSolution
		HideSolutionNode = FALSE
	EndGlobalSection
	GlobalSection(ExtensibilityGlobals) = postSolution
		SolutionGuid = {F3425C05-2C8D-432C-ACBC-A78C37F0655D}
	EndGlobalSection
	GlobalSection(SharedMSBuildProjectFiles) = preSolution
		e-verse.Navisworks.SelectByRevitId.Common\e-verse.Navisworks.SelectByRevitId.Common.projitems*{213bc98c-f558-4cc7-89df-efe6b8b14c66}*SharedItemsImports = 4
		e-verse.Navisworks.SelectByRevitId.Plugin\e-verse.Navisworks.SelectByRevitId.Plugin.projitems*{213bc98c-f558-4cc7-89df-efe6b8b14c66}*SharedItemsImports = 4
		e-verse.Navisworks.SelectByRevitId.Common\e-verse.Navisworks.SelectByRevitId.Common.projitems*{60fd800d-a7bb-4494-9064-1478fca6b26d}*SharedItemsImports = 4
		e-verse.Navisworks.SelectByRevitId.Plugin\e-verse.Navisworks.SelectByRevitId.Plugin.projitems*{60fd800d-a7bb-4494-9064-1478fca6b26d}*SharedItemsImports = 4
		e-verse.Navisworks.SelectByRevitId.Plugin\e-verse.Navisworks.SelectByRevitId.Plugin.projitems*{90624231-a5f0-47fd-b4d4-d1a9381a4039}*SharedItemsImports = 13
		e-verse.Navisworks.SelectByRevitId.Common\e-verse.Navisworks.SelectByRevitId.Common.projitems*{9a8a805c-8e9b-49c3-8b24-2235e7036bf9}*SharedItemsImports = 4
		e-verse.Navisworks.SelectByRevitId.Plugin\e-verse.Navisworks.SelectByRevitId.Plugin.projitems*{9a8a805c-8e9b-49c3-8b24-2235e7036bf9}*SharedItemsImports = 4
		e-verse.Navisworks.SelectByRevitId.Common\e-verse.Navisworks.SelectByRevitId.Common.projitems*{9d01eae5-4574-4d7a-a99a-eb8b2c21abfd}*SharedItemsImports = 4
		e-verse.Navisworks.SelectByRevitId.Plugin\e-verse.Navisworks.SelectByRevitId.Plugin.projitems*{9d01eae5-4574-4d7a-a99a-eb8b2c21abfd}*SharedItemsImports = 4
		e-verse.Navisworks.SelectByRevitId.Common\e-verse.Navisworks.SelectByRevitId.Common.projitems*{9d70d94e-c119-4bc0-8250-acbaad186282}*SharedItemsImports = 4
		e-verse.Navisworks.SelectByRevitId.Plugin\e-verse.Navisworks.SelectByRevitId.Plugin.projitems*{9d70d94e-c119-4bc0-8250-acbaad186282}*SharedItemsImports = 4
		e-verse.Navisworks.SelectByRevitId.Common\e-verse.Navisworks.SelectByRevitId.Common.projitems*{bb4ecde2-035a-4ce5-be79-7dd9bd942a68}*SharedItemsImports = 4
		e-verse.Navisworks.SelectByRevitId.Plugin\e-verse.Navisworks.SelectByRevitId.Plugin.projitems*{bb4ecde2-035a-4ce5-be79-7dd9bd942a68}*SharedItemsImports = 4
		e-verse.Navisworks.SelectByRevitId.Common\e-verse.Navisworks.SelectByRevitId.Common.projitems*{d54934fe-e292-4bf9-871c-bdb2df04cb86}*SharedItemsImports = 4
		e-verse.Navisworks.SelectByRevitId.Plugin\e-verse.Navisworks.SelectByRevitId.Plugin.projitems*{d54934fe-e292-4bf9-871c-bdb2df04cb86}*SharedItemsImports = 4
		e-verse.Navisworks.SelectByRevitId.Common\e-verse.Navisworks.SelectByRevitId.Common.projitems*{e88e72a8-cc63-401e-ae12-63fa14621e7e}*SharedItemsImports = 4
		e-verse.Navisworks.SelectByRevitId.Plugin\e-verse.Navisworks.SelectByRevitId.Plugin.projitems*{e88e72a8-cc63-401e-ae12-63fa14621e7e}*SharedItemsImports = 4
		e-verse.Navisworks.SelectByRevitId.Common\e-verse.Navisworks.SelectByRevitId.Common.projitems*{f8db5022-d40f-496f-814a-c843bdb56206}*SharedItemsImports = 4
		e-verse.Navisworks.SelectByRevitId.Plugin\e-verse.Navisworks.SelectByRevitId.Plugin.projitems*{f8db5022-d40f-496f-814a-c843bdb56206}*SharedItemsImports = 4
	EndGlobalSection
EndGlobal
